
Microsoft Visual Studio Solution File, Format Version 12.00
# Visual Studio Version 17
VisualStudioVersion = 17.14.36414.22 d17.14
MinimumVisualStudioVersion = 10.0.40219.1
Project("{FAE04EC0-301F-11D3-BF4B-00C04F79EFBC}") = "ModJam2", "ModJam2.csproj", "{A6002D53-614D-BDAE-1F1D-5E5A7190EC89}"
EndProject
Global
	GlobalSection(SolutionConfigurationPlatforms) = preSolution
		Debug|Any CPU = Debug|Any CPU
		Release|Any CPU = Release|Any CPU
	EndGlobalSection
	GlobalSection(ProjectConfigurationPlatforms) = postSolution
		{A6002D53-614D-BDAE-1F1D-5E5A7190EC89}.Debug|Any CPU.ActiveCfg = Debug|Any CPU
		{A6002D53-614D-BDAE-1F1D-5E5A7190EC89}.Debug|Any CPU.Build.0 = Debug|Any CPU
		{A6002D53-614D-BDAE-1F1D-5E5A7190EC89}.Release|Any CPU.ActiveCfg = Release|Any CPU
		{A6002D53-614D-BDAE-1F1D-5E5A7190EC89}.Release|Any CPU.Build.0 = Release|Any CPU
	EndGlobalSection
	GlobalSection(SolutionProperties) = preSolution
		HideSolutionNode = FALSE
	EndGlobalSection
	GlobalSection(ExtensibilityGlobals) = postSolution
		SolutionGuid = {27211B15-317A-4AE4-9492-ECE80ECE4185}
	EndGlobalSection
EndGlobal
